
Microsoft Visual Studio Solution File, Format Version 12.00
# Visual Studio Version 16
VisualStudioVersion = 16.0.30907.101
MinimumVisualStudioVersion = 10.0.40219.1
Project("{FAE04EC0-301F-11D3-BF4B-00C04F79EFBC}") = "LTIMVC1", "LTIMVC1\LTIMVC1.csproj", "{28393DFE-4890-4098-A528-141398CDD698}"
EndProject
Global
	GlobalSection(SolutionConfigurationPlatforms) = preSolution
		Debug|Any CPU = Debug|Any CPU
		Release|Any CPU = Release|Any CPU
	EndGlobalSection
	GlobalSection(ProjectConfigurationPlatforms) = postSolution
		{28393DFE-4890-4098-A528-141398CDD698}.Debug|Any CPU.ActiveCfg = Debug|Any CPU
		{28393DFE-4890-4098-A528-141398CDD698}.Debug|Any CPU.Build.0 = Debug|Any CPU
		{28393DFE-4890-4098-A528-141398CDD698}.Release|Any CPU.ActiveCfg = Release|Any CPU
		{28393DFE-4890-4098-A528-141398CDD698}.Release|Any CPU.Build.0 = Release|Any CPU
	EndGlobalSection
	GlobalSection(SolutionProperties) = preSolution
		HideSolutionNode = FALSE
	EndGlobalSection
	GlobalSection(ExtensibilityGlobals) = postSolution
		SolutionGuid = {3ADE4B8F-46B2-4EC1-BD97-BD3D22059F87}
	EndGlobalSection
EndGlobal
